<?xml version="1.0" encoding="utf-8"?>
<Project ToolsVersion="4.0" xmlns="http://schemas.microsoft.com/developer/msbuild/2003">
  <ItemGroup>
    <Filter Include="Source Files">
      <UniqueIdentifier>{f7acaf18-4e17-4576-ab9b-a036651b0829}</UniqueIdentifier>
      <Extensions>cpp;c;cxx;rc;def;r;odl;idl;hpj;bat</Extensions>
    </Filter>
    <Filter Include="Source Files\Network">
      <UniqueIdentifier>{8dc8c500-2fc3-4818-8d2c-5675c2b562e1}</UniqueIdentifier>
    </Filter>
    <Filter Include="Header Files">
      <UniqueIdentifier>{0ebae8b6-a198-4fd4-a95c-4edc71c3b133}</UniqueIdentifier>
      <Extensions>h;hpp;hxx;hm;inl</Extensions>
    </Filter>
    <Filter Include="Resource Files">
      <UniqueIdentifier>{12b12975-827c-43d5-ac0d-dcf73f460f9a}</UniqueIdentifier>
      <Extensions>ico;cur;bmp;dlg;rc2;rct;bin;rgs;gif;jpg;jpeg;jpe</Extensions>
    </Filter>
  </ItemGroup>
  <ItemGroup>
    <ClCompile Include="Contact.cpp">
      <Filter>Source Files\Network</Filter>
    </ClCompile>
    <ClCompile Include="ConvEdit.cpp">
      <Filter>Source Files\Network</Filter>
    </ClCompile>
    <ClCompile Include="Conversation.cpp">
      <Filter>Source Files\Network</Filter>
    </ClCompile>
    <ClCompile Include="ConversationThread.cpp">
      <Filter>Source Files\Network</Filter>
    </ClCompile>
    <ClCompile Include="Ipclass.cpp">
      <Filter>Source Files\Network</Filter>
    </ClCompile>
    <ClCompile Include="ListenSocket.cpp">
      <Filter>Source Files\Network</Filter>
    </ClCompile>
    <ClCompile Include="MibAccess.cpp">
      <Filter>Source Files\Network</Filter>
    </ClCompile>
    <ClCompile Include="NetSocket.cpp">
      <Filter>Source Files\Network</Filter>
    </ClCompile>
    <ClCompile Include="NotifyThread.cpp">
      <Filter>Source Files\Network</Filter>
    </ClCompile>
    <ClCompile Include="snmpapi.cpp">
      <Filter>Source Files\Network</Filter>
    </ClCompile>
    <ClCompile Include="axcardBriscola.cpp">
      <Filter>Source Files</Filter>
    </ClCompile>
    <ClCompile Include="BitmapDialog.cpp">
      <Filter>Source Files</Filter>
    </ClCompile>
    <ClCompile Include="cBriscolaGame.cpp">
      <Filter>Source Files</Filter>
    </ClCompile>
    <ClCompile Include="cGraphicEngine.cpp">
      <Filter>Source Files</Filter>
    </ClCompile>
    <ClCompile Include="Client_jpg.cpp">
      <Filter>Source Files</Filter>
    </ClCompile>
    <ClCompile Include="Client_jpgDlg.cpp">
      <Filter>Source Files</Filter>
    </ClCompile>
    <ClCompile Include="DlgContaYourPoints.cpp">
      <Filter>Source Files</Filter>
    </ClCompile>
    <ClCompile Include="GameOptions.cpp">
      <Filter>Source Files</Filter>
    </ClCompile>
    <ClCompile Include="HtmlCtrl.cpp">
      <Filter>Source Files</Filter>
    </ClCompile>
    <ClCompile Include="InsertName_Dlg.cpp">
      <Filter>Source Files</Filter>
    </ClCompile>
    <ClCompile Include="NetGameStartDlg.cpp">
      <Filter>Source Files</Filter>
    </ClCompile>
    <ClCompile Include="StdAfx.cpp">
      <Filter>Source Files</Filter>
    </ClCompile>
  </ItemGroup>
  <ItemGroup>
    <ClInclude Include="Contact.h">
      <Filter>Source Files\Network</Filter>
    </ClInclude>
    <ClInclude Include="ConvEdit.h">
      <Filter>Source Files\Network</Filter>
    </ClInclude>
    <ClInclude Include="Conversation.h">
      <Filter>Source Files\Network</Filter>
    </ClInclude>
    <ClInclude Include="ConversationThread.h">
      <Filter>Source Files\Network</Filter>
    </ClInclude>
    <ClInclude Include="Ipclass.h">
      <Filter>Source Files\Network</Filter>
    </ClInclude>
    <ClInclude Include="ListenSocket.h">
      <Filter>Source Files\Network</Filter>
    </ClInclude>
    <ClInclude Include="MibAccess.h">
      <Filter>Source Files\Network</Filter>
    </ClInclude>
    <ClInclude Include="NetSocket.h">
      <Filter>Source Files\Network</Filter>
    </ClInclude>
    <ClInclude Include="NotifyThread.h">
      <Filter>Source Files\Network</Filter>
    </ClInclude>
    <ClInclude Include="axcardBriscola.h">
      <Filter>Header Files</Filter>
    </ClInclude>
    <ClInclude Include="BitmapDialog.h">
      <Filter>Header Files</Filter>
    </ClInclude>
    <ClInclude Include="cBriscolaGame.h">
      <Filter>Header Files</Filter>
    </ClInclude>
    <ClInclude Include="cGraphicEngine.h">
      <Filter>Header Files</Filter>
    </ClInclude>
    <ClInclude Include="Client_jpg.h">
      <Filter>Header Files</Filter>
    </ClInclude>
    <ClInclude Include="Client_jpgDlg.h">
      <Filter>Header Files</Filter>
    </ClInclude>
    <ClInclude Include="DlgContaYourPoints.h">
      <Filter>Header Files</Filter>
    </ClInclude>
    <ClInclude Include="GameOptions.h">
      <Filter>Header Files</Filter>
    </ClInclude>
    <ClInclude Include="HtmlCtrl.h">
      <Filter>Header Files</Filter>
    </ClInclude>
    <ClInclude Include="InsertName_Dlg.h">
      <Filter>Header Files</Filter>
    </ClInclude>
    <ClInclude Include="NetGameStartDlg.h">
      <Filter>Header Files</Filter>
    </ClInclude>
    <ClInclude Include="Resource.h">
      <Filter>Header Files</Filter>
    </ClInclude>
    <ClInclude Include="save_utility.h">
      <Filter>Header Files</Filter>
    </ClInclude>
    <ClInclude Include="StdAfx.h">
      <Filter>Header Files</Filter>
    </ClInclude>
  </ItemGroup>
  <ItemGroup>
    <ResourceCompile Include="Client_jpg.rc">
      <Filter>Source Files</Filter>
    </ResourceCompile>
  </ItemGroup>
  <ItemGroup>
    <Image Include="res\1_coppe150.bmp">
      <Filter>Resource Files</Filter>
    </Image>
    <Image Include="res\_assi_an.gif">
      <Filter>Resource Files</Filter>
    </Image>
    <Image Include="res\tmp\arrow_up.bmp">
      <Filter>Resource Files</Filter>
    </Image>
    <Image Include="res\tmp\arrow_up.ico">
      <Filter>Resource Files</Filter>
    </Image>
    <Image Include="res\back_gnd.bmp">
      <Filter>Resource Files</Filter>
    </Image>
    <Image Include="res\tmp\back_gnd_3.bmp">
      <Filter>Resource Files</Filter>
    </Image>
    <Image Include="res\bottom_left.bmp">
      <Filter>Resource Files</Filter>
    </Image>
    <Image Include="res\bottom_right.bmp">
      <Filter>Resource Files</Filter>
    </Image>
    <Image Include="res\changefont.bmp">
      <Filter>Resource Files</Filter>
    </Image>
    <Image Include="res\Client_jpg.ico">
      <Filter>Resource Files</Filter>
    </Image>
    <Image Include="res\comuni.ico">
      <Filter>Resource Files</Filter>
    </Image>
    <Image Include="res\contact.bmp">
      <Filter>Resource Files</Filter>
    </Image>
    <Image Include="res\okdn.gif">
      <Filter>Resource Files</Filter>
    </Image>
    <Image Include="res\okup.gif">
      <Filter>Resource Files</Filter>
    </Image>
    <Image Include="res\top_left.bmp">
      <Filter>Resource Files</Filter>
    </Image>
    <Image Include="res\top_right.bmp">
      <Filter>Resource Files</Filter>
    </Image>
  </ItemGroup>
  <ItemGroup>
    <Text Include="ReadMe.txt" />
  </ItemGroup>
  <ItemGroup>
    <CustomBuild Include="res\Client_jpg.rc2">
      <Filter>Resource Files</Filter>
    </CustomBuild>
    <CustomBuild Include="res\about.htm" />
    <CustomBuild Include="res\animated_bast_5.avi" />
    <CustomBuild Include="res\initial.htm" />
  </ItemGroup>
</Project>